{
  "name": "@alphnsus/hello-world",
  "version": "1.0.0",
  "lockfileVersion": 3,
  "requires": true,
  "packages": {
    "": {
      "name": "@alphnsus/hello-world",
      "version": "1.0.0",
      "license": "MIT",
      "dependencies": {
        "@alphnsus/hello-world": "^1.0.0"
      }
    },
    "node_modules/@alphnsus/hello-world": {
      "version": "1.0.0",
      "resolved": "https://registry.npmjs.org/@alphnsus/hello-world/-/hello-world-1.0.0.tgz",
      "integrity": "sha512-vu7uHHBHwEPTC89fZKH0AAvoqOer2Qyb6T5jA4CYSjW5p8j3JpT/Tg7vW75rO5zexP/OsMICAZfe4Zz9K5wpAg==",
      "license": "MIT"
    }
  }
}
